// !$*UTF8*$!
{
	archiveVersion = 1;
	classes = {
	};
	objectVersion = 50;
	objects = {

/* Begin PBXBuildFile section */
		9B1C565C2118DFD50072F456 /* AppDelegate.swift in Sources */ = {isa = PBXBuildFile; fileRef = 9B1C565B2118DFD50072F456 /* AppDelegate.swift */; };
		9B1C56612118DFD50072F456 /* Main.storyboard in Resources */ = {isa = PBXBuildFile; fileRef = 9B1C565F2118DFD50072F456 /* Main.storyboard */; };
		9B1C56632118DFD70072F456 /* Assets.xcassets in Resources */ = {isa = PBXBuildFile; fileRef = 9B1C56622118DFD70072F456 /* Assets.xcassets */; };
		9B1C56662118DFD70072F456 /* LaunchScreen.storyboard in Resources */ = {isa = PBXBuildFile; fileRef = 9B1C56642118DFD70072F456 /* LaunchScreen.storyboard */; };
		9B1C56712118DFD70072F456 /* SparkMVVMTests.swift in Sources */ = {isa = PBXBuildFile; fileRef = 9B1C56702118DFD70072F456 /* SparkMVVMTests.swift */; };
		9B1C567C2118DFD70072F456 /* SparkMVVMUITests.swift in Sources */ = {isa = PBXBuildFile; fileRef = 9B1C567B2118DFD70072F456 /* SparkMVVMUITests.swift */; };
		9B1C56902118E1FE0072F456 /* QuestionsTableViewController.swift in Sources */ = {isa = PBXBuildFile; fileRef = 9B1C568C2118E1FE0072F456 /* QuestionsTableViewController.swift */; };
		9B1C56922118E21B0072F456 /* QuestionsTableViewCell.swift in Sources */ = {isa = PBXBuildFile; fileRef = 9B1C56912118E21B0072F456 /* QuestionsTableViewCell.swift */; };
		9B1C56942118E53A0072F456 /* Questions.swift in Sources */ = {isa = PBXBuildFile; fileRef = 9B1C56932118E53A0072F456 /* Questions.swift */; };
		9B1C56962118EAE10072F456 /* personality_test.json in Resources */ = {isa = PBXBuildFile; fileRef = 9B1C56952118EAE10072F456 /* personality_test.json */; };
		9B1C56982118EB140072F456 /* QuestionsViewModel.swift in Sources */ = {isa = PBXBuildFile; fileRef = 9B1C56972118EB140072F456 /* QuestionsViewModel.swift */; };
		9BBF9F5B211A1DBE00E3015F /* OptionsTableViewController.swift in Sources */ = {isa = PBXBuildFile; fileRef = 9BBF9F5A211A1DBE00E3015F /* OptionsTableViewController.swift */; };
		9BBF9F5D211A203900E3015F /* OptionsViewModel.swift in Sources */ = {isa = PBXBuildFile; fileRef = 9BBF9F5C211A203900E3015F /* OptionsViewModel.swift */; };
/* End PBXBuildFile section */

/* Begin PBXContainerItemProxy section */
		9B1C566D2118DFD70072F456 /* PBXContainerItemProxy */ = {
			isa = PBXContainerItemProxy;
			containerPortal = 9B1C56502118DFD50072F456 /* Project object */;
			proxyType = 1;
			remoteGlobalIDString = 9B1C56572118DFD50072F456;
			remoteInfo = SparkMVVM;
		};
		9B1C56782118DFD70072F456 /* PBXContainerItemProxy */ = {
			isa = PBXContainerItemProxy;
			containerPortal = 9B1C56502118DFD50072F456 /* Project object */;
			proxyType = 1;
			remoteGlobalIDString = 9B1C56572118DFD50072F456;
			remoteInfo = SparkMVVM;
		};
/* End PBXContainerItemProxy section */

/* Begin PBXFileReference section */
		9B1C56582118DFD50072F456 /* SparkMVVM.app */ = {isa = PBXFileReference; explicitFileType = wrapper.application; includeInIndex = 0; path = SparkMVVM.app; sourceTree = BUILT_PRODUCTS_DIR; };
		9B1C565B2118DFD50072F456 /* AppDelegate.swift */ = {isa = PBXFileReference; lastKnownFileType = sourcecode.swift; path = AppDelegate.swift; sourceTree = "<group>"; };
		9B1C56602118DFD50072F456 /* Base */ = {isa = PBXFileReference; lastKnownFileType = file.storyboard; name = Base; path = Base.lproj/Main.storyboard; sourceTree = "<group>"; };
		9B1C56622118DFD70072F456 /* Assets.xcassets */ = {isa = PBXFileReference; lastKnownFileType = folder.assetcatalog; path = Assets.xcassets; sourceTree = "<group>"; };
		9B1C56652118DFD70072F456 /* Base */ = {isa = PBXFileReference; lastKnownFileType = file.storyboard; name = Base; path = Base.lproj/LaunchScreen.storyboard; sourceTree = "<group>"; };
		9B1C56672118DFD70072F456 /* Info.plist */ = {isa = PBXFileReference; lastKnownFileType = text.plist.xml; path = Info.plist; sourceTree = "<group>"; };
		9B1C566C2118DFD70072F456 /* SparkMVVMTests.xctest */ = {isa = PBXFileReference; explicitFileType = wrapper.cfbundle; includeInIndex = 0; path = SparkMVVMTests.xctest; sourceTree = BUILT_PRODUCTS_DIR; };
		9B1C56702118DFD70072F456 /* SparkMVVMTests.swift */ = {isa = PBXFileReference; lastKnownFileType = sourcecode.swift; path = SparkMVVMTests.swift; sourceTree = "<group>"; };
		9B1C56722118DFD70072F456 /* Info.plist */ = {isa = PBXFileReference; lastKnownFileType = text.plist.xml; path = Info.plist; sourceTree = "<group>"; };
		9B1C56772118DFD70072F456 /* SparkMVVMUITests.xctest */ = {isa = PBXFileReference; explicitFileType = wrapper.cfbundle; includeInIndex = 0; path = SparkMVVMUITests.xctest; sourceTree = BUILT_PRODUCTS_DIR; };
		9B1C567B2118DFD70072F456 /* SparkMVVMUITests.swift */ = {isa = PBXFileReference; lastKnownFileType = sourcecode.swift; path = SparkMVVMUITests.swift; sourceTree = "<group>"; };
		9B1C567D2118DFD70072F456 /* Info.plist */ = {isa = PBXFileReference; lastKnownFileType = text.plist.xml; path = Info.plist; sourceTree = "<group>"; };
		9B1C568C2118E1FE0072F456 /* QuestionsTableViewController.swift */ = {isa = PBXFileReference; fileEncoding = 4; lastKnownFileType = sourcecode.swift; path = QuestionsTableViewController.swift; sourceTree = "<group>"; };
		9B1C56912118E21B0072F456 /* QuestionsTableViewCell.swift */ = {isa = PBXFileReference; lastKnownFileType = sourcecode.swift; path = QuestionsTableViewCell.swift; sourceTree = "<group>"; };
		9B1C56932118E53A0072F456 /* Questions.swift */ = {isa = PBXFileReference; lastKnownFileType = sourcecode.swift; path = Questions.swift; sourceTree = "<group>"; };
		9B1C56952118EAE10072F456 /* personality_test.json */ = {isa = PBXFileReference; fileEncoding = 4; lastKnownFileType = text.json; path = personality_test.json; sourceTree = "<group>"; };
		9B1C56972118EB140072F456 /* QuestionsViewModel.swift */ = {isa = PBXFileReference; lastKnownFileType = sourcecode.swift; path = QuestionsViewModel.swift; sourceTree = "<group>"; };
		9BBF9F5A211A1DBE00E3015F /* OptionsTableViewController.swift */ = {isa = PBXFileReference; lastKnownFileType = sourcecode.swift; path = OptionsTableViewController.swift; sourceTree = "<group>"; };
		9BBF9F5C211A203900E3015F /* OptionsViewModel.swift */ = {isa = PBXFileReference; lastKnownFileType = sourcecode.swift; path = OptionsViewModel.swift; sourceTree = "<group>"; };
/* End PBXFileReference section */

/* Begin PBXFrameworksBuildPhase section */
		9B1C56552118DFD50072F456 /* Frameworks */ = {
			isa = PBXFrameworksBuildPhase;
			buildActionMask = 2147483647;
			files = (
			);
			runOnlyForDeploymentPostprocessing = 0;
		};
		9B1C56692118DFD70072F456 /* Frameworks */ = {
			isa = PBXFrameworksBuildPhase;
			buildActionMask = 2147483647;
			files = (
			);
			runOnlyForDeploymentPostprocessing = 0;
		};
		9B1C56742118DFD70072F456 /* Frameworks */ = {
			isa = PBXFrameworksBuildPhase;
			buildActionMask = 2147483647;
			files = (
			);
			runOnlyForDeploymentPostprocessing = 0;
		};
/* End PBXFrameworksBuildPhase section */

/* Begin PBXGroup section */
		9B1C564F2118DFD50072F456 = {
			isa = PBXGroup;
			children = (
				9B1C565A2118DFD50072F456 /* SparkMVVM */,
				9B1C566F2118DFD70072F456 /* SparkMVVMTests */,
				9B1C567A2118DFD70072F456 /* SparkMVVMUITests */,
				9B1C56592118DFD50072F456 /* Products */,
			);
			sourceTree = "<group>";
		};
		9B1C56592118DFD50072F456 /* Products */ = {
			isa = PBXGroup;
			children = (
				9B1C56582118DFD50072F456 /* SparkMVVM.app */,
				9B1C566C2118DFD70072F456 /* SparkMVVMTests.xctest */,
				9B1C56772118DFD70072F456 /* SparkMVVMUITests.xctest */,
			);
			name = Products;
			sourceTree = "<group>";
		};
		9B1C565A2118DFD50072F456 /* SparkMVVM */ = {
			isa = PBXGroup;
			children = (
				9B1C568B2118E1FE0072F456 /* controller */,
				9B1C568E2118E1FE0072F456 /* model */,
				9B1C568D2118E1FE0072F456 /* view */,
				9B1C568F2118E1FE0072F456 /* viewmodel */,
				9B1C565B2118DFD50072F456 /* AppDelegate.swift */,
				9B1C565F2118DFD50072F456 /* Main.storyboard */,
				9B1C56622118DFD70072F456 /* Assets.xcassets */,
				9B1C56642118DFD70072F456 /* LaunchScreen.storyboard */,
				9B1C56672118DFD70072F456 /* Info.plist */,
			);
			path = SparkMVVM;
			sourceTree = "<group>";
		};
		9B1C566F2118DFD70072F456 /* SparkMVVMTests */ = {
			isa = PBXGroup;
			children = (
				9B1C56702118DFD70072F456 /* SparkMVVMTests.swift */,
				9B1C56722118DFD70072F456 /* Info.plist */,
			);
			path = SparkMVVMTests;
			sourceTree = "<group>";
		};
		9B1C567A2118DFD70072F456 /* SparkMVVMUITests */ = {
			isa = PBXGroup;
			children = (
				9B1C567B2118DFD70072F456 /* SparkMVVMUITests.swift */,
				9B1C567D2118DFD70072F456 /* Info.plist */,
			);
			path = SparkMVVMUITests;
			sourceTree = "<group>";
		};
		9B1C568B2118E1FE0072F456 /* controller */ = {
			isa = PBXGroup;
			children = (
				9B1C568C2118E1FE0072F456 /* QuestionsTableViewController.swift */,
				9BBF9F5A211A1DBE00E3015F /* OptionsTableViewController.swift */,
			);
			path = controller;
			sourceTree = "<group>";
		};
		9B1C568D2118E1FE0072F456 /* view */ = {
			isa = PBXGroup;
			children = (
				9B1C56912118E21B0072F456 /* QuestionsTableViewCell.swift */,
			);
			path = view;
			sourceTree = "<group>";
		};
		9B1C568E2118E1FE0072F456 /* model */ = {
			isa = PBXGroup;
			children = (
				9B1C56952118EAE10072F456 /* personality_test.json */,
				9B1C56932118E53A0072F456 /* Questions.swift */,
			);
			path = model;
			sourceTree = "<group>";
		};
		9B1C568F2118E1FE0072F456 /* viewmodel */ = {
			isa = PBXGroup;
			children = (
				9B1C56972118EB140072F456 /* QuestionsViewModel.swift */,
				9BBF9F5C211A203900E3015F /* OptionsViewModel.swift */,
			);
			path = viewmodel;
			sourceTree = "<group>";
		};
/* End PBXGroup section */

/* Begin PBXNativeTarget section */
		9B1C56572118DFD50072F456 /* SparkMVVM */ = {
			isa = PBXNativeTarget;
			buildConfigurationList = 9B1C56802118DFD70072F456 /* Build configuration list for PBXNativeTarget "SparkMVVM" */;
			buildPhases = (
				9B1C56542118DFD50072F456 /* Sources */,
				9B1C56552118DFD50072F456 /* Frameworks */,
				9B1C56562118DFD50072F456 /* Resources */,
			);
			buildRules = (
			);
			dependencies = (
			);
			name = SparkMVVM;
			productName = SparkMVVM;
			productReference = 9B1C56582118DFD50072F456 /* SparkMVVM.app */;
			productType = "com.apple.product-type.application";
		};
		9B1C566B2118DFD70072F456 /* SparkMVVMTests */ = {
			isa = PBXNativeTarget;
			buildConfigurationList = 9B1C56832118DFD70072F456 /* Build configuration list for PBXNativeTarget "SparkMVVMTests" */;
			buildPhases = (
				9B1C56682118DFD70072F456 /* Sources */,
				9B1C56692118DFD70072F456 /* Frameworks */,
				9B1C566A2118DFD70072F456 /* Resources */,
			);
			buildRules = (
			);
			dependencies = (
				9B1C566E2118DFD70072F456 /* PBXTargetDependency */,
			);
			name = SparkMVVMTests;
			productName = SparkMVVMTests;
			productReference = 9B1C566C2118DFD70072F456 /* SparkMVVMTests.xctest */;
			productType = "com.apple.product-type.bundle.unit-test";
		};
		9B1C56762118DFD70072F456 /* SparkMVVMUITests */ = {
			isa = PBXNativeTarget;
			buildConfigurationList = 9B1C56862118DFD70072F456 /* Build configuration list for PBXNativeTarget "SparkMVVMUITests" */;
			buildPhases = (
				9B1C56732118DFD70072F456 /* Sources */,
				9B1C56742118DFD70072F456 /* Frameworks */,
				9B1C56752118DFD70072F456 /* Resources */,
			);
			buildRules = (
			);
			dependencies = (
				9B1C56792118DFD70072F456 /* PBXTargetDependency */,
			);
			name = SparkMVVMUITests;
			productName = SparkMVVMUITests;
			productReference = 9B1C56772118DFD70072F456 /* SparkMVVMUITests.xctest */;
			productType = "com.apple.product-type.bundle.ui-testing";
		};
/* End PBXNativeTarget section */

/* Begin PBXProject section */
		9B1C56502118DFD50072F456 /* Project object */ = {
			isa = PBXProject;
			attributes = {
				LastSwiftUpdateCheck = 0940;
				LastUpgradeCheck = 0940;
				ORGANIZATIONNAME = "Sample Projects";
				TargetAttributes = {
					9B1C56572118DFD50072F456 = {
						CreatedOnToolsVersion = 9.4;
					};
					9B1C566B2118DFD70072F456 = {
						CreatedOnToolsVersion = 9.4;
						TestTargetID = 9B1C56572118DFD50072F456;
					};
					9B1C56762118DFD70072F456 = {
						CreatedOnToolsVersion = 9.4;
						TestTargetID = 9B1C56572118DFD50072F456;
					};
				};
			};
			buildConfigurationList = 9B1C56532118DFD50072F456 /* Build configuration list for PBXProject "SparkMVVM" */;
			compatibilityVersion = "Xcode 9.3";
			developmentRegion = en;
			hasScannedForEncodings = 0;
			knownRegions = (
				en,
				Base,
			);
			mainGroup = 9B1C564F2118DFD50072F456;
			productRefGroup = 9B1C56592118DFD50072F456 /* Products */;
			projectDirPath = "";
			projectRoot = "";
			targets = (
				9B1C56572118DFD50072F456 /* SparkMVVM */,
				9B1C566B2118DFD70072F456 /* SparkMVVMTests */,
				9B1C56762118DFD70072F456 /* SparkMVVMUITests */,
			);
		};
/* End PBXProject section */

/* Begin PBXResourcesBuildPhase section */
		9B1C56562118DFD50072F456 /* Resources */ = {
			isa = PBXResourcesBuildPhase;
			buildActionMask = 2147483647;
			files = (
				9B1C56662118DFD70072F456 /* LaunchScreen.storyboard in Resources */,
				9B1C56632118DFD70072F456 /* Assets.xcassets in Resources */,
				9B1C56962118EAE10072F456 /* personality_test.json in Resources */,
				9B1C56612118DFD50072F456 /* Main.storyboard in Resources */,
			);
			runOnlyForDeploymentPostprocessing = 0;
		};
		9B1C566A2118DFD70072F456 /* Resources */ = {
			isa = PBXResourcesBuildPhase;
			buildActionMask = 2147483647;
			files = (
			);
			runOnlyForDeploymentPostprocessing = 0;
		};
		9B1C56752118DFD70072F456 /* Resources */ = {
			isa = PBXResourcesBuildPhase;
			buildActionMask = 2147483647;
			files = (
			);
			runOnlyForDeploymentPostprocessing = 0;
		};
/* End PBXResourcesBuildPhase section */

/* Begin PBXSourcesBuildPhase section */
		9B1C56542118DFD50072F456 /* Sources */ = {
			isa = PBXSourcesBuildPhase;
			buildActionMask = 2147483647;
			files = (
				9BBF9F5D211A203900E3015F /* OptionsViewModel.swift in Sources */,
				9B1C565C2118DFD50072F456 /* AppDelegate.swift in Sources */,
				9B1C56982118EB140072F456 /* QuestionsViewModel.swift in Sources */,
				9BBF9F5B211A1DBE00E3015F /* OptionsTableViewController.swift in Sources */,
				9B1C56942118E53A0072F456 /* Questions.swift in Sources */,
				9B1C56902118E1FE0072F456 /* QuestionsTableViewController.swift in Sources */,
				9B1C56922118E21B0072F456 /* QuestionsTableViewCell.swift in Sources */,
			);
			runOnlyForDeploymentPostprocessing = 0;
		};
		9B1C56682118DFD70072F456 /* Sources */ = {
			isa = PBXSourcesBuildPhase;
			buildActionMask = 2147483647;
			files = (
				9B1C56712118DFD70072F456 /* SparkMVVMTests.swift in Sources */,
			);
			runOnlyForDeploymentPostprocessing = 0;
		};
		9B1C56732118DFD70072F456 /* Sources */ = {
			isa = PBXSourcesBuildPhase;
			buildActionMask = 2147483647;
			files = (
				9B1C567C2118DFD70072F456 /* SparkMVVMUITests.swift in Sources */,
			);
			runOnlyForDeploymentPostprocessing = 0;
		};
/* End PBXSourcesBuildPhase section */

/* Begin PBXTargetDependency section */
		9B1C566E2118DFD70072F456 /* PBXTargetDependency */ = {
			isa = PBXTargetDependency;
			target = 9B1C56572118DFD50072F456 /* SparkMVVM */;
			targetProxy = 9B1C566D2118DFD70072F456 /* PBXContainerItemProxy */;
		};
		9B1C56792118DFD70072F456 /* PBXTargetDependency */ = {
			isa = PBXTargetDependency;
			target = 9B1C56572118DFD50072F456 /* SparkMVVM */;
			targetProxy = 9B1C56782118DFD70072F456 /* PBXContainerItemProxy */;
		};
/* End PBXTargetDependency section */

/* Begin PBXVariantGroup section */
		9B1C565F2118DFD50072F456 /* Main.storyboard */ = {
			isa = PBXVariantGroup;
			children = (
				9B1C56602118DFD50072F456 /* Base */,
			);
			name = Main.storyboard;
			sourceTree = "<group>";
		};
		9B1C56642118DFD70072F456 /* LaunchScreen.storyboard */ = {
			isa = PBXVariantGroup;
			children = (
				9B1C56652118DFD70072F456 /* Base */,
			);
			name = LaunchScreen.storyboard;
			sourceTree = "<group>";
		};
/* End PBXVariantGroup section */

/* Begin XCBuildConfiguration section */
		9B1C567E2118DFD70072F456 /* Debug */ = {
			isa = XCBuildConfiguration;
			buildSettings = {
				ALWAYS_SEARCH_USER_PATHS = NO;
				CLANG_ANALYZER_NONNULL = YES;
				CLANG_ANALYZER_NUMBER_OBJECT_CONVERSION = YES_AGGRESSIVE;
				CLANG_CXX_LANGUAGE_STANDARD = "gnu++14";
				CLANG_CXX_LIBRARY = "libc++";
				CLANG_ENABLE_MODULES = YES;
				CLANG_ENABLE_OBJC_ARC = YES;
				CLANG_ENABLE_OBJC_WEAK = YES;
				CLANG_WARN_BLOCK_CAPTURE_AUTORELEASING = YES;
				CLANG_WARN_BOOL_CONVERSION = YES;
				CLANG_WARN_COMMA = YES;
				CLANG_WARN_CONSTANT_CONVERSION = YES;
				CLANG_WARN_DEPRECATED_OBJC_IMPLEMENTATIONS = YES;
				CLANG_WARN_DIRECT_OBJC_ISA_USAGE = YES_ERROR;
				CLANG_WARN_DOCUMENTATION_COMMENTS = YES;
				CLANG_WARN_EMPTY_BODY = YES;
				CLANG_WARN_ENUM_CONVERSION = YES;
				CLANG_WARN_INFINITE_RECURSION = YES;
				CLANG_WARN_INT_CONVERSION = YES;
				CLANG_WARN_NON_LITERAL_NULL_CONVERSION = YES;
				CLANG_WARN_OBJC_IMPLICIT_RETAIN_SELF = YES;
				CLANG_WARN_OBJC_LITERAL_CONVERSION = YES;
				CLANG_WARN_OBJC_ROOT_CLASS = YES_ERROR;
				CLANG_WARN_RANGE_LOOP_ANALYSIS = YES;
				CLANG_WARN_STRICT_PROTOTYPES = YES;
				CLANG_WARN_SUSPICIOUS_MOVE = YES;
				CLANG_WARN_UNGUARDED_AVAILABILITY = YES_AGGRESSIVE;
				CLANG_WARN_UNREACHABLE_CODE = YES;
				CLANG_WARN__DUPLICATE_METHOD_MATCH = YES;
				CODE_SIGN_IDENTITY = "iPhone Developer";
				COPY_PHASE_STRIP = NO;
				DEBUG_INFORMATION_FORMAT = dwarf;
				ENABLE_STRICT_OBJC_MSGSEND = YES;
				ENABLE_TESTABILITY = YES;
				GCC_C_LANGUAGE_STANDARD = gnu11;
				GCC_DYNAMIC_NO_PIC = NO;
				GCC_NO_COMMON_BLOCKS = YES;
				GCC_OPTIMIZATION_LEVEL = 0;
				GCC_PREPROCESSOR_DEFINITIONS = (
					"DEBUG=1",
					"$(inherited)",
				);
				GCC_WARN_64_TO_32_BIT_CONVERSION = YES;
				GCC_WARN_ABOUT_RETURN_TYPE = YES_ERROR;
				GCC_WARN_UNDECLARED_SELECTOR = YES;
				GCC_WARN_UNINITIALIZED_AUTOS = YES_AGGRESSIVE;
				GCC_WARN_UNUSED_FUNCTION = YES;
				GCC_WARN_UNUSED_VARIABLE = YES;
				IPHONEOS_DEPLOYMENT_TARGET = 11.4;
				MTL_ENABLE_DEBUG_INFO = YES;
				ONLY_ACTIVE_ARCH = YES;
				SDKROOT = iphoneos;
				SWIFT_ACTIVE_COMPILATION_CONDITIONS = DEBUG;
				SWIFT_OPTIMIZATION_LEVEL = "-Onone";
			};
			name = Debug;
		};
		9B1C567F2118DFD70072F456 /* Release */ = {
			isa = XCBuildConfiguration;
			buildSettings = {
				ALWAYS_SEARCH_USER_PATHS = NO;
				CLANG_ANALYZER_NONNULL = YES;
				CLANG_ANALYZER_NUMBER_OBJECT_CONVERSION = YES_AGGRESSIVE;
				CLANG_CXX_LANGUAGE_STANDARD = "gnu++14";
				CLANG_CXX_LIBRARY = "libc++";
				CLANG_ENABLE_MODULES = YES;
				CLANG_ENABLE_OBJC_ARC = YES;
				CLANG_ENABLE_OBJC_WEAK = YES;
				CLANG_WARN_BLOCK_CAPTURE_AUTORELEASING = YES;
				CLANG_WARN_BOOL_CONVERSION = YES;
				CLANG_WARN_COMMA = YES;
				CLANG_WARN_CONSTANT_CONVERSION = YES;
				CLANG_WARN_DEPRECATED_OBJC_IMPLEMENTATIONS = YES;
				CLANG_WARN_DIRECT_OBJC_ISA_USAGE = YES_ERROR;
				CLANG_WARN_DOCUMENTATION_COMMENTS = YES;
				CLANG_WARN_EMPTY_BODY = YES;
				CLANG_WARN_ENUM_CONVERSION = YES;
				CLANG_WARN_INFINITE_RECURSION = YES;
				CLANG_WARN_INT_CONVERSION = YES;
				CLANG_WARN_NON_LITERAL_NULL_CONVERSION = YES;
				CLANG_WARN_OBJC_IMPLICIT_RETAIN_SELF = YES;
				CLANG_WARN_OBJC_LITERAL_CONVERSION = YES;
				CLANG_WARN_OBJC_ROOT_CLASS = YES_ERROR;
				CLANG_WARN_RANGE_LOOP_ANALYSIS = YES;
				CLANG_WARN_STRICT_PROTOTYPES = YES;
				CLANG_WARN_SUSPICIOUS_MOVE = YES;
				CLANG_WARN_UNGUARDED_AVAILABILITY = YES_AGGRESSIVE;
				CLANG_WARN_UNREACHABLE_CODE = YES;
				CLANG_WARN__DUPLICATE_METHOD_MATCH = YES;
				CODE_SIGN_IDENTITY = "iPhone Developer";
				COPY_PHASE_STRIP = NO;
				DEBUG_INFORMATION_FORMAT = "dwarf-with-dsym";
				ENABLE_NS_ASSERTIONS = NO;
				ENABLE_STRICT_OBJC_MSGSEND = YES;
				GCC_C_LANGUAGE_STANDARD = gnu11;
				GCC_NO_COMMON_BLOCKS = YES;
				GCC_WARN_64_TO_32_BIT_CONVERSION = YES;
				GCC_WARN_ABOUT_RETURN_TYPE = YES_ERROR;
				GCC_WARN_UNDECLARED_SELECTOR = YES;
				GCC_WARN_UNINITIALIZED_AUTOS = YES_AGGRESSIVE;
				GCC_WARN_UNUSED_FUNCTION = YES;
				GCC_WARN_UNUSED_VARIABLE = YES;
				IPHONEOS_DEPLOYMENT_TARGET = 11.4;
				MTL_ENABLE_DEBUG_INFO = NO;
				SDKROOT = iphoneos;
				SWIFT_COMPILATION_MODE = wholemodule;
				SWIFT_OPTIMIZATION_LEVEL = "-O";
				VALIDATE_PRODUCT = YES;
			};
			name = Release;
		};
		9B1C56812118DFD70072F456 /* Debug */ = {
			isa = XCBuildConfiguration;
			buildSettings = {
				ASSETCATALOG_COMPILER_APPICON_NAME = AppIcon;
				CODE_SIGN_STYLE = Manual;
				DEVELOPMENT_TEAM = "";
				INFOPLIST_FILE = SparkMVVM/Info.plist;
				LD_RUNPATH_SEARCH_PATHS = (
					"$(inherited)",
					"@executable_path/Frameworks",
				);
				PRODUCT_BUNDLE_IDENTIFIER = com.general.development.SparkMVVM;
				PRODUCT_NAME = "$(TARGET_NAME)";
				PROVISIONING_PROFILE_SPECIFIER = "";
				SWIFT_VERSION = 4.0;
				TARGETED_DEVICE_FAMILY = "1,2";
			};
			name = Debug;
		};
		9B1C56822118DFD70072F456 /* Release */ = {
			isa = XCBuildConfiguration;
			buildSettings = {
				ASSETCATALOG_COMPILER_APPICON_NAME = AppIcon;
				CODE_SIGN_STYLE = Manual;
				DEVELOPMENT_TEAM = "";
				INFOPLIST_FILE = SparkMVVM/Info.plist;
				LD_RUNPATH_SEARCH_PATHS = (
					"$(inherited)",
					"@executable_path/Frameworks",
				);
				PRODUCT_BUNDLE_IDENTIFIER = com.general.development.SparkMVVM;
				PRODUCT_NAME = "$(TARGET_NAME)";
				PROVISIONING_PROFILE_SPECIFIER = "";
				SWIFT_VERSION = 4.0;
				TARGETED_DEVICE_FAMILY = "1,2";
			};
			name = Release;
		};
		9B1C56842118DFD70072F456 /* Debug */ = {
			isa = XCBuildConfiguration;
			buildSettings = {
				ALWAYS_EMBED_SWIFT_STANDARD_LIBRARIES = YES;
				BUNDLE_LOADER = "$(TEST_HOST)";
				CODE_SIGN_STYLE = Automatic;
				INFOPLIST_FILE = SparkMVVMTests/Info.plist;
				LD_RUNPATH_SEARCH_PATHS = (
					"$(inherited)",
					"@executable_path/Frameworks",
					"@loader_path/Frameworks",
				);
				PRODUCT_BUNDLE_IDENTIFIER = com.general.development.SparkMVVMTests;
				PRODUCT_NAME = "$(TARGET_NAME)";
				SWIFT_VERSION = 4.0;
				TARGETED_DEVICE_FAMILY = "1,2";
				TEST_HOST = "$(BUILT_PRODUCTS_DIR)/SparkMVVM.app/SparkMVVM";
			};
			name = Debug;
		};
		9B1C56852118DFD70072F456 /* Release */ = {
			isa = XCBuildConfiguration;
			buildSettings = {
				ALWAYS_EMBED_SWIFT_STANDARD_LIBRARIES = YES;
				BUNDLE_LOADER = "$(TEST_HOST)";
				CODE_SIGN_STYLE = Automatic;
				INFOPLIST_FILE = SparkMVVMTests/Info.plist;
				LD_RUNPATH_SEARCH_PATHS = (
					"$(inherited)",
					"@executable_path/Frameworks",
					"@loader_path/Frameworks",
				);
				PRODUCT_BUNDLE_IDENTIFIER = com.general.development.SparkMVVMTests;
				PRODUCT_NAME = "$(TARGET_NAME)";
				SWIFT_VERSION = 4.0;
				TARGETED_DEVICE_FAMILY = "1,2";
				TEST_HOST = "$(BUILT_PRODUCTS_DIR)/SparkMVVM.app/SparkMVVM";
			};
			name = Release;
		};
		9B1C56872118DFD70072F456 /* Debug */ = {
			isa = XCBuildConfiguration;
			buildSettings = {
				ALWAYS_EMBED_SWIFT_STANDARD_LIBRARIES = YES;
				CODE_SIGN_STYLE = Automatic;
				INFOPLIST_FILE = SparkMVVMUITests/Info.plist;
				LD_RUNPATH_SEARCH_PATHS = (
					"$(inherited)",
					"@executable_path/Frameworks",
					"@loader_path/Frameworks",
				);
				PRODUCT_BUNDLE_IDENTIFIER = com.general.development.SparkMVVMUITests;
				PRODUCT_NAME = "$(TARGET_NAME)";
				SWIFT_VERSION = 4.0;
				TARGETED_DEVICE_FAMILY = "1,2";
				TEST_TARGET_NAME = SparkMVVM;
			};
			name = Debug;
		};
		9B1C56882118DFD70072F456 /* Release */ = {
			isa = XCBuildConfiguration;
			buildSettings = {
				ALWAYS_EMBED_SWIFT_STANDARD_LIBRARIES = YES;
				CODE_SIGN_STYLE = Automatic;
				INFOPLIST_FILE = SparkMVVMUITests/Info.plist;
				LD_RUNPATH_SEARCH_PATHS = (
					"$(inherited)",
					"@executable_path/Frameworks",
					"@loader_path/Frameworks",
				);
				PRODUCT_BUNDLE_IDENTIFIER = com.general.development.SparkMVVMUITests;
				PRODUCT_NAME = "$(TARGET_NAME)";
				SWIFT_VERSION = 4.0;
				TARGETED_DEVICE_FAMILY = "1,2";
				TEST_TARGET_NAME = SparkMVVM;
			};
			name = Release;
		};
/* End XCBuildConfiguration section */

/* Begin XCConfigurationList section */
		9B1C56532118DFD50072F456 /* Build configuration list for PBXProject "SparkMVVM" */ = {
			isa = XCConfigurationList;
			buildConfigurations = (
				9B1C567E2118DFD70072F456 /* Debug */,
				9B1C567F2118DFD70072F456 /* Release */,
			);
			defaultConfigurationIsVisible = 0;
			defaultConfigurationName = Release;
		};
		9B1C56802118DFD70072F456 /* Build configuration list for PBXNativeTarget "SparkMVVM" */ = {
			isa = XCConfigurationList;
			buildConfigurations = (
				9B1C56812118DFD70072F456 /* Debug */,
				9B1C56822118DFD70072F456 /* Release */,
			);
			defaultConfigurationIsVisible = 0;
			defaultConfigurationName = Release;
		};
		9B1C56832118DFD70072F456 /* Build configuration list for PBXNativeTarget "SparkMVVMTests" */ = {
			isa = XCConfigurationList;
			buildConfigurations = (
				9B1C56842118DFD70072F456 /* Debug */,
				9B1C56852118DFD70072F456 /* Release */,
			);
			defaultConfigurationIsVisible = 0;
			defaultConfigurationName = Release;
		};
		9B1C56862118DFD70072F456 /* Build configuration list for PBXNativeTarget "SparkMVVMUITests" */ = {
			isa = XCConfigurationList;
			buildConfigurations = (
				9B1C56872118DFD70072F456 /* Debug */,
				9B1C56882118DFD70072F456 /* Release */,
			);
			defaultConfigurationIsVisible = 0;
			defaultConfigurationName = Release;
		};
/* End XCConfigurationList section */
	};
	rootObject = 9B1C56502118DFD50072F456 /* Project object */;
}
